
Microsoft Visual Studio Solution File, Format Version 12.00
# Visual Studio Version 16
VisualStudioVersion = 16.0.31727.386
MinimumVisualStudioVersion = 10.0.40219.1
Project("{9A19103F-16F7-4668-BE54-9A1E7A4F7556}") = "BookStore", "BookStore\BookStore.csproj", "{F9F57FEE-BCFC-4FBB-90CD-955A17BD1FBD}"
EndProject
Project("{FAE04EC0-301F-11D3-BF4B-00C04F79EFBC}") = "TestProject", "TestProject\TestProject.csproj", "{084233E0-66B8-49A0-AA22-28587D158CE5}"
EndProject
Global
	GlobalSection(SolutionConfigurationPlatforms) = preSolution
		Debug|Any CPU = Debug|Any CPU
		Release|Any CPU = Release|Any CPU
	EndGlobalSection
	GlobalSection(ProjectConfigurationPlatforms) = postSolution
		{F9F57FEE-BCFC-4FBB-90CD-955A17BD1FBD}.Debug|Any CPU.ActiveCfg = Debug|Any CPU
		{F9F57FEE-BCFC-4FBB-90CD-955A17BD1FBD}.Debug|Any CPU.Build.0 = Debug|Any CPU
		{F9F57FEE-BCFC-4FBB-90CD-955A17BD1FBD}.Release|Any CPU.ActiveCfg = Release|Any CPU
		{F9F57FEE-BCFC-4FBB-90CD-955A17BD1FBD}.Release|Any CPU.Build.0 = Release|Any CPU
		{084233E0-66B8-49A0-AA22-28587D158CE5}.Debug|Any CPU.ActiveCfg = Debug|Any CPU
		{084233E0-66B8-49A0-AA22-28587D158CE5}.Debug|Any CPU.Build.0 = Debug|Any CPU
		{084233E0-66B8-49A0-AA22-28587D158CE5}.Release|Any CPU.ActiveCfg = Release|Any CPU
		{084233E0-66B8-49A0-AA22-28587D158CE5}.Release|Any CPU.Build.0 = Release|Any CPU
	EndGlobalSection
	GlobalSection(SolutionProperties) = preSolution
		HideSolutionNode = FALSE
	EndGlobalSection
	GlobalSection(ExtensibilityGlobals) = postSolution
		SolutionGuid = {BBED0AE7-88DF-46AF-A302-A023792B0CD9}
	EndGlobalSection
EndGlobal
